
Microsoft Visual Studio Solution File, Format Version 11.00
# Visual Studio 2010
Project("{FAE04EC0-301F-11D3-BF4B-00C04F79EFBC}") = "YouTrack.For.ReSharper", "YouTrackForReSharper\YouTrack.For.ReSharper.csproj", "{10CEEC81-DFFA-40E2-B49F-D073A4488B04}"
EndProject
Global
	GlobalSection(SolutionConfigurationPlatforms) = preSolution
		Debug|Any CPU = Debug|Any CPU
		Release|Any CPU = Release|Any CPU
	EndGlobalSection
	GlobalSection(ProjectConfigurationPlatforms) = postSolution
		{10CEEC81-DFFA-40E2-B49F-D073A4488B04}.Debug|Any CPU.ActiveCfg = Debug|Any CPU
		{10CEEC81-DFFA-40E2-B49F-D073A4488B04}.Debug|Any CPU.Build.0 = Debug|Any CPU
		{10CEEC81-DFFA-40E2-B49F-D073A4488B04}.Release|Any CPU.ActiveCfg = Release|Any CPU
		{10CEEC81-DFFA-40E2-B49F-D073A4488B04}.Release|Any CPU.Build.0 = Release|Any CPU
	EndGlobalSection
	GlobalSection(SolutionProperties) = preSolution
		HideSolutionNode = FALSE
	EndGlobalSection
EndGlobal
